schema: '2.0'
stages:
  ingestion:
    cmd: python networksecurity/components/data_ingestion.py
    deps:
    - path: networksecurity/components/data_ingestion.py
      hash: md5
      md5: f466e1e128b6a2f4abe8223e99f2b15f
      size: 3735
    - path: networksecurity/entity/artifact_entity.py
      hash: md5
      md5: 148310218ad481058204b582dfd59c90
      size: 851
    - path: networksecurity/entity/config_entity.py
      hash: md5
      md5: a6ee7ebd864d5281f8f645c859ece871
      size: 4486
    - path: networksecurity/exception/exception.py
      hash: md5
      md5: 9437dc096d4ba41716b62d88775347ad
      size: 791
    - path: networksecurity/logging/logger.py
      hash: md5
      md5: a6fea9ee5cb80fa3c55be0c46e8a964a
      size: 427
    outs:
    - path: Artifacts\02_23_2025_06_56_49\data_ingestion\feature_store\phisingData.csv
      hash: md5
      md5: 70bdd9dbbe7f12b02c850e23c2f398e5
      size: 800203
    - path: Artifacts\02_23_2025_06_56_49\data_ingestion\ingested\test.csv
      hash: md5
      md5: 2608a73cd26d6e478e743e02ae77c266
      size: 85445
    - path: Artifacts\02_23_2025_06_56_49\data_ingestion\ingested\train.csv
      hash: md5
      md5: 04898fe2fc230930e498a7f07ac18dd7
      size: 341533
